
Microsoft Visual Studio Solution File, Format Version 12.00
# Visual Studio Version 17
VisualStudioVersion = 17.5.33530.505
MinimumVisualStudioVersion = 10.0.40219.1
Project("{8BC9CEB8-8B4A-11D0-8D11-00A0C91BC942}") = "Golfikum", "Golfikum.vcxproj", "{327B44A2-CE4F-4DE5-A79F-C21FB3ACFFFB}"
EndProject
Global
	GlobalSection(SolutionConfigurationPlatforms) = preSolution
		Debug|x64 = Debug|x64
		Debug|x86 = Debug|x86
		Release|x64 = Release|x64
		Release|x86 = Release|x86
	EndGlobalSection
	GlobalSection(ProjectConfigurationPlatforms) = postSolution
		{327B44A2-CE4F-4DE5-A79F-C21FB3ACFFFB}.Debug|x64.ActiveCfg = Debug|x64
		{327B44A2-CE4F-4DE5-A79F-C21FB3ACFFFB}.Debug|x64.Build.0 = Debug|x64
		{327B44A2-CE4F-4DE5-A79F-C21FB3ACFFFB}.Debug|x86.ActiveCfg = Debug|Win32
		{327B44A2-CE4F-4DE5-A79F-C21FB3ACFFFB}.Debug|x86.Build.0 = Debug|Win32
		{327B44A2-CE4F-4DE5-A79F-C21FB3ACFFFB}.Release|x64.ActiveCfg = Release|x64
		{327B44A2-CE4F-4DE5-A79F-C21FB3ACFFFB}.Release|x64.Build.0 = Release|x64
		{327B44A2-CE4F-4DE5-A79F-C21FB3ACFFFB}.Release|x86.ActiveCfg = Release|Win32
		{327B44A2-CE4F-4DE5-A79F-C21FB3ACFFFB}.Release|x86.Build.0 = Release|Win32
	EndGlobalSection
	GlobalSection(SolutionProperties) = preSolution
		HideSolutionNode = FALSE
	EndGlobalSection
	GlobalSection(ExtensibilityGlobals) = postSolution
		SolutionGuid = {117F2D85-E318-4652-90CD-F4B03347D126}
	EndGlobalSection
EndGlobal
